
Microsoft Visual Studio Solution File, Format Version 12.00
# Visual Studio Version 17
VisualStudioVersion = 17.8.34511.84
MinimumVisualStudioVersion = 10.0.40219.1
Project("{FAE04EC0-301F-11D3-BF4B-00C04F79EFBC}") = "Blogy.WEBUI", "Blogy.WEBUI\Blogy.WEBUI.csproj", "{1A74F8FF-326A-4E1E-AFE1-8170E404A490}"
EndProject
Project("{FAE04EC0-301F-11D3-BF4B-00C04F79EFBC}") = "Blogy.EntityLayer", "Blogy.EntityLayer\Blogy.EntityLayer.csproj", "{57B5287B-5052-45D3-8C3E-46A7799B6424}"
EndProject
Project("{FAE04EC0-301F-11D3-BF4B-00C04F79EFBC}") = "Blogy.DataAccessLayer", "Blogy.DataAccessLayer\Blogy.DataAccessLayer.csproj", "{A1AA5E91-A542-4C31-8192-672F0E529438}"
EndProject
Project("{FAE04EC0-301F-11D3-BF4B-00C04F79EFBC}") = "Blogy.BusinessLayer", "Blogy.BusinessLayer\Blogy.BusinessLayer.csproj", "{0CC334C3-A8BA-4650-9249-A303BD7E8F97}"
EndProject
Project("{FAE04EC0-301F-11D3-BF4B-00C04F79EFBC}") = "Blogy.DTOLayer", "Blogy.DTOLayer\Blogy.DTOLayer.csproj", "{7E4F2A41-2E55-4162-BC7E-A71903833B6F}"
EndProject
Global
	GlobalSection(SolutionConfigurationPlatforms) = preSolution
		Debug|Any CPU = Debug|Any CPU
		Release|Any CPU = Release|Any CPU
	EndGlobalSection
	GlobalSection(ProjectConfigurationPlatforms) = postSolution
		{1A74F8FF-326A-4E1E-AFE1-8170E404A490}.Debug|Any CPU.ActiveCfg = Debug|Any CPU
		{1A74F8FF-326A-4E1E-AFE1-8170E404A490}.Debug|Any CPU.Build.0 = Debug|Any CPU
		{1A74F8FF-326A-4E1E-AFE1-8170E404A490}.Release|Any CPU.ActiveCfg = Release|Any CPU
		{1A74F8FF-326A-4E1E-AFE1-8170E404A490}.Release|Any CPU.Build.0 = Release|Any CPU
		{57B5287B-5052-45D3-8C3E-46A7799B6424}.Debug|Any CPU.ActiveCfg = Debug|Any CPU
		{57B5287B-5052-45D3-8C3E-46A7799B6424}.Debug|Any CPU.Build.0 = Debug|Any CPU
		{57B5287B-5052-45D3-8C3E-46A7799B6424}.Release|Any CPU.ActiveCfg = Release|Any CPU
		{57B5287B-5052-45D3-8C3E-46A7799B6424}.Release|Any CPU.Build.0 = Release|Any CPU
		{A1AA5E91-A542-4C31-8192-672F0E529438}.Debug|Any CPU.ActiveCfg = Debug|Any CPU
		{A1AA5E91-A542-4C31-8192-672F0E529438}.Debug|Any CPU.Build.0 = Debug|Any CPU
		{A1AA5E91-A542-4C31-8192-672F0E529438}.Release|Any CPU.ActiveCfg = Release|Any CPU
		{A1AA5E91-A542-4C31-8192-672F0E529438}.Release|Any CPU.Build.0 = Release|Any CPU
		{0CC334C3-A8BA-4650-9249-A303BD7E8F97}.Debug|Any CPU.ActiveCfg = Debug|Any CPU
		{0CC334C3-A8BA-4650-9249-A303BD7E8F97}.Debug|Any CPU.Build.0 = Debug|Any CPU
		{0CC334C3-A8BA-4650-9249-A303BD7E8F97}.Release|Any CPU.ActiveCfg = Release|Any CPU
		{0CC334C3-A8BA-4650-9249-A303BD7E8F97}.Release|Any CPU.Build.0 = Release|Any CPU
		{7E4F2A41-2E55-4162-BC7E-A71903833B6F}.Debug|Any CPU.ActiveCfg = Debug|Any CPU
		{7E4F2A41-2E55-4162-BC7E-A71903833B6F}.Debug|Any CPU.Build.0 = Debug|Any CPU
		{7E4F2A41-2E55-4162-BC7E-A71903833B6F}.Release|Any CPU.ActiveCfg = Release|Any CPU
		{7E4F2A41-2E55-4162-BC7E-A71903833B6F}.Release|Any CPU.Build.0 = Release|Any CPU
	EndGlobalSection
	GlobalSection(SolutionProperties) = preSolution
		HideSolutionNode = FALSE
	EndGlobalSection
	GlobalSection(ExtensibilityGlobals) = postSolution
		SolutionGuid = {F85DB508-B638-48A2-9B4F-57D026CA35AE}
	EndGlobalSection
EndGlobal
